
Microsoft Visual Studio Solution File, Format Version 12.00
# Visual Studio Version 17
VisualStudioVersion = 17.1.32210.238
MinimumVisualStudioVersion = 10.0.40219.1
Project("{FAE04EC0-301F-11D3-BF4B-00C04F79EFBC}") = "Project.Data", "Project.API\Project.Data.csproj", "{BA7D8C2F-F87A-42FD-97F3-A6B13536EE22}"
EndProject
Project("{FAE04EC0-301F-11D3-BF4B-00C04F79EFBC}") = "Project.Web.API", "Project.Web.API\Project.Web.API.csproj", "{7EC6E9C7-25FF-413D-BB8A-0D6CFF0742F6}"
EndProject
Global
	GlobalSection(SolutionConfigurationPlatforms) = preSolution
		Debug|Any CPU = Debug|Any CPU
		Release|Any CPU = Release|Any CPU
	EndGlobalSection
	GlobalSection(ProjectConfigurationPlatforms) = postSolution
		{BA7D8C2F-F87A-42FD-97F3-A6B13536EE22}.Debug|Any CPU.ActiveCfg = Debug|Any CPU
		{BA7D8C2F-F87A-42FD-97F3-A6B13536EE22}.Debug|Any CPU.Build.0 = Debug|Any CPU
		{BA7D8C2F-F87A-42FD-97F3-A6B13536EE22}.Release|Any CPU.ActiveCfg = Release|Any CPU
		{BA7D8C2F-F87A-42FD-97F3-A6B13536EE22}.Release|Any CPU.Build.0 = Release|Any CPU
		{7EC6E9C7-25FF-413D-BB8A-0D6CFF0742F6}.Debug|Any CPU.ActiveCfg = Debug|Any CPU
		{7EC6E9C7-25FF-413D-BB8A-0D6CFF0742F6}.Debug|Any CPU.Build.0 = Debug|Any CPU
		{7EC6E9C7-25FF-413D-BB8A-0D6CFF0742F6}.Release|Any CPU.ActiveCfg = Release|Any CPU
		{7EC6E9C7-25FF-413D-BB8A-0D6CFF0742F6}.Release|Any CPU.Build.0 = Release|Any CPU
	EndGlobalSection
	GlobalSection(SolutionProperties) = preSolution
		HideSolutionNode = FALSE
	EndGlobalSection
	GlobalSection(ExtensibilityGlobals) = postSolution
		SolutionGuid = {01806A9C-7F3A-431D-BC07-F3E415489E21}
	EndGlobalSection
EndGlobal
